// !$*UTF8*$!
{
	archiveVersion = 1;
	classes = {
	};
	objectVersion = 48;
	objects = {

/* Begin PBXBuildFile section */
		434E5456CFB4B5AE6EABE4A6 /* Pods_flix_demoUITests.framework in Frameworks */ = {isa = PBXBuildFile; fileRef = CB20639BAAB1CC4FAC733DAA /* Pods_flix_demoUITests.framework */; };
		6E427D462025144900B63D9B /* MovieCell.swift in Sources */ = {isa = PBXBuildFile; fileRef = 6E427D452025144900B63D9B /* MovieCell.swift */; };
		6E8E25BA202E0FB900D78EAA /* DetailViewController.swift in Sources */ = {isa = PBXBuildFile; fileRef = 6E8E25B9202E0FB900D78EAA /* DetailViewController.swift */; };
		6EE77C5B2022DC9300CAE650 /* AppDelegate.swift in Sources */ = {isa = PBXBuildFile; fileRef = 6EE77C5A2022DC9300CAE650 /* AppDelegate.swift */; };
		6EE77C602022DC9300CAE650 /* Main.storyboard in Resources */ = {isa = PBXBuildFile; fileRef = 6EE77C5E2022DC9300CAE650 /* Main.storyboard */; };
		6EE77C622022DC9300CAE650 /* Assets.xcassets in Resources */ = {isa = PBXBuildFile; fileRef = 6EE77C612022DC9300CAE650 /* Assets.xcassets */; };
		6EE77C652022DC9300CAE650 /* LaunchScreen.storyboard in Resources */ = {isa = PBXBuildFile; fileRef = 6EE77C632022DC9300CAE650 /* LaunchScreen.storyboard */; };
		6EE77C702022DC9300CAE650 /* flix_demoTests.swift in Sources */ = {isa = PBXBuildFile; fileRef = 6EE77C6F2022DC9300CAE650 /* flix_demoTests.swift */; };
		6EE77C7B2022DC9300CAE650 /* flix_demoUITests.swift in Sources */ = {isa = PBXBuildFile; fileRef = 6EE77C7A2022DC9300CAE650 /* flix_demoUITests.swift */; };
		6EEFE3242022EC4E006A62F5 /* NowPlayingViewController.swift in Sources */ = {isa = PBXBuildFile; fileRef = 6EEFE3232022EC4E006A62F5 /* NowPlayingViewController.swift */; };
		B9FC1C8E678D95EDEDE65BE1 /* Pods_flix_demoTests.framework in Frameworks */ = {isa = PBXBuildFile; fileRef = 4FE7A22FABE0C5A0AEDE4C0D /* Pods_flix_demoTests.framework */; };
		BE36658A8776DE67B15A4692 /* Pods_flix_demo.framework in Frameworks */ = {isa = PBXBuildFile; fileRef = C825386CA8B12F89BDF2107E /* Pods_flix_demo.framework */; };
/* End PBXBuildFile section */

/* Begin PBXContainerItemProxy section */
		6EE77C6C2022DC9300CAE650 /* PBXContainerItemProxy */ = {
			isa = PBXContainerItemProxy;
			containerPortal = 6EE77C4F2022DC9200CAE650 /* Project object */;
			proxyType = 1;
			remoteGlobalIDString = 6EE77C562022DC9200CAE650;
			remoteInfo = flix_demo;
		};
		6EE77C772022DC9300CAE650 /* PBXContainerItemProxy */ = {
			isa = PBXContainerItemProxy;
			containerPortal = 6EE77C4F2022DC9200CAE650 /* Project object */;
			proxyType = 1;
			remoteGlobalIDString = 6EE77C562022DC9200CAE650;
			remoteInfo = flix_demo;
		};
/* End PBXContainerItemProxy section */

/* Begin PBXFileReference section */
		157C3A94F57A84A880089DBA /* Pods-flix_demoTests.release.xcconfig */ = {isa = PBXFileReference; includeInIndex = 1; lastKnownFileType = text.xcconfig; name = "Pods-flix_demoTests.release.xcconfig"; path = "Pods/Target Support Files/Pods-flix_demoTests/Pods-flix_demoTests.release.xcconfig"; sourceTree = "<group>"; };
		49EDE22875BB952C5B84293E /* Pods-flix_demoUITests.release.xcconfig */ = {isa = PBXFileReference; includeInIndex = 1; lastKnownFileType = text.xcconfig; name = "Pods-flix_demoUITests.release.xcconfig"; path = "Pods/Target Support Files/Pods-flix_demoUITests/Pods-flix_demoUITests.release.xcconfig"; sourceTree = "<group>"; };
		4FE7A22FABE0C5A0AEDE4C0D /* Pods_flix_demoTests.framework */ = {isa = PBXFileReference; explicitFileType = wrapper.framework; includeInIndex = 0; path = Pods_flix_demoTests.framework; sourceTree = BUILT_PRODUCTS_DIR; };
		61DCF8F2233A55DB9AB960AB /* Pods-flix_demo.release.xcconfig */ = {isa = PBXFileReference; includeInIndex = 1; lastKnownFileType = text.xcconfig; name = "Pods-flix_demo.release.xcconfig"; path = "Pods/Target Support Files/Pods-flix_demo/Pods-flix_demo.release.xcconfig"; sourceTree = "<group>"; };
		6E427D452025144900B63D9B /* MovieCell.swift */ = {isa = PBXFileReference; lastKnownFileType = sourcecode.swift; path = MovieCell.swift; sourceTree = "<group>"; };
		6E8E25B9202E0FB900D78EAA /* DetailViewController.swift */ = {isa = PBXFileReference; lastKnownFileType = sourcecode.swift; path = DetailViewController.swift; sourceTree = "<group>"; };
		6EE77C572022DC9200CAE650 /* flix_demo.app */ = {isa = PBXFileReference; explicitFileType = wrapper.application; includeInIndex = 0; path = flix_demo.app; sourceTree = BUILT_PRODUCTS_DIR; };
		6EE77C5A2022DC9300CAE650 /* AppDelegate.swift */ = {isa = PBXFileReference; lastKnownFileType = sourcecode.swift; path = AppDelegate.swift; sourceTree = "<group>"; };
		6EE77C5F2022DC9300CAE650 /* Base */ = {isa = PBXFileReference; lastKnownFileType = file.storyboard; name = Base; path = Base.lproj/Main.storyboard; sourceTree = "<group>"; };
		6EE77C612022DC9300CAE650 /* Assets.xcassets */ = {isa = PBXFileReference; lastKnownFileType = folder.assetcatalog; path = Assets.xcassets; sourceTree = "<group>"; };
		6EE77C642022DC9300CAE650 /* Base */ = {isa = PBXFileReference; lastKnownFileType = file.storyboard; name = Base; path = Base.lproj/LaunchScreen.storyboard; sourceTree = "<group>"; };
		6EE77C662022DC9300CAE650 /* Info.plist */ = {isa = PBXFileReference; lastKnownFileType = text.plist.xml; path = Info.plist; sourceTree = "<group>"; };
		6EE77C6B2022DC9300CAE650 /* flix_demoTests.xctest */ = {isa = PBXFileReference; explicitFileType = wrapper.cfbundle; includeInIndex = 0; path = flix_demoTests.xctest; sourceTree = BUILT_PRODUCTS_DIR; };
		6EE77C6F2022DC9300CAE650 /* flix_demoTests.swift */ = {isa = PBXFileReference; lastKnownFileType = sourcecode.swift; path = flix_demoTests.swift; sourceTree = "<group>"; };
		6EE77C712022DC9300CAE650 /* Info.plist */ = {isa = PBXFileReference; lastKnownFileType = text.plist.xml; path = Info.plist; sourceTree = "<group>"; };
		6EE77C762022DC9300CAE650 /* flix_demoUITests.xctest */ = {isa = PBXFileReference; explicitFileType = wrapper.cfbundle; includeInIndex = 0; path = flix_demoUITests.xctest; sourceTree = BUILT_PRODUCTS_DIR; };
		6EE77C7A2022DC9300CAE650 /* flix_demoUITests.swift */ = {isa = PBXFileReference; lastKnownFileType = sourcecode.swift; path = flix_demoUITests.swift; sourceTree = "<group>"; };
		6EE77C7C2022DC9300CAE650 /* Info.plist */ = {isa = PBXFileReference; lastKnownFileType = text.plist.xml; path = Info.plist; sourceTree = "<group>"; };
		6EEFE3232022EC4E006A62F5 /* NowPlayingViewController.swift */ = {isa = PBXFileReference; lastKnownFileType = sourcecode.swift; path = NowPlayingViewController.swift; sourceTree = "<group>"; };
		85B94F6D4D9BC6A715C6D630 /* Pods-flix_demo.debug.xcconfig */ = {isa = PBXFileReference; includeInIndex = 1; lastKnownFileType = text.xcconfig; name = "Pods-flix_demo.debug.xcconfig"; path = "Pods/Target Support Files/Pods-flix_demo/Pods-flix_demo.debug.xcconfig"; sourceTree = "<group>"; };
		A8381E81F1F47E1B27D9E70F /* Pods-flix_demoTests.debug.xcconfig */ = {isa = PBXFileReference; includeInIndex = 1; lastKnownFileType = text.xcconfig; name = "Pods-flix_demoTests.debug.xcconfig"; path = "Pods/Target Support Files/Pods-flix_demoTests/Pods-flix_demoTests.debug.xcconfig"; sourceTree = "<group>"; };
		C825386CA8B12F89BDF2107E /* Pods_flix_demo.framework */ = {isa = PBXFileReference; explicitFileType = wrapper.framework; includeInIndex = 0; path = Pods_flix_demo.framework; sourceTree = BUILT_PRODUCTS_DIR; };
		CB20639BAAB1CC4FAC733DAA /* Pods_flix_demoUITests.framework */ = {isa = PBXFileReference; explicitFileType = wrapper.framework; includeInIndex = 0; path = Pods_flix_demoUITests.framework; sourceTree = BUILT_PRODUCTS_DIR; };
		DFC6D8C5142D50E4FF3618F2 /* Pods-flix_demoUITests.debug.xcconfig */ = {isa = PBXFileReference; includeInIndex = 1; lastKnownFileType = text.xcconfig; name = "Pods-flix_demoUITests.debug.xcconfig"; path = "Pods/Target Support Files/Pods-flix_demoUITests/Pods-flix_demoUITests.debug.xcconfig"; sourceTree = "<group>"; };
/* End PBXFileReference section */

/* Begin PBXFrameworksBuildPhase section */
		6EE77C542022DC9200CAE650 /* Frameworks */ = {
			isa = PBXFrameworksBuildPhase;
			buildActionMask = 2147483647;
			files = (
				BE36658A8776DE67B15A4692 /* Pods_flix_demo.framework in Frameworks */,
			);
			runOnlyForDeploymentPostprocessing = 0;
		};
		6EE77C682022DC9300CAE650 /* Frameworks */ = {
			isa = PBXFrameworksBuildPhase;
			buildActionMask = 2147483647;
			files = (
				B9FC1C8E678D95EDEDE65BE1 /* Pods_flix_demoTests.framework in Frameworks */,
			);
			runOnlyForDeploymentPostprocessing = 0;
		};
		6EE77C732022DC9300CAE650 /* Frameworks */ = {
			isa = PBXFrameworksBuildPhase;
			buildActionMask = 2147483647;
			files = (
				434E5456CFB4B5AE6EABE4A6 /* Pods_flix_demoUITests.framework in Frameworks */,
			);
			runOnlyForDeploymentPostprocessing = 0;
		};
/* End PBXFrameworksBuildPhase section */

/* Begin PBXGroup section */
		3D8D1C1170581688CE3CF946 /* Frameworks */ = {
			isa = PBXGroup;
			children = (
				C825386CA8B12F89BDF2107E /* Pods_flix_demo.framework */,
				4FE7A22FABE0C5A0AEDE4C0D /* Pods_flix_demoTests.framework */,
				CB20639BAAB1CC4FAC733DAA /* Pods_flix_demoUITests.framework */,
			);
			name = Frameworks;
			sourceTree = "<group>";
		};
		6E8E25B7202E0F3700D78EAA /* ViewControllers */ = {
			isa = PBXGroup;
			children = (
				6EEFE3232022EC4E006A62F5 /* NowPlayingViewController.swift */,
				6E8E25B9202E0FB900D78EAA /* DetailViewController.swift */,
			);
			path = ViewControllers;
			sourceTree = "<group>";
		};
		6E8E25B8202E0F5700D78EAA /* Views */ = {
			isa = PBXGroup;
			children = (
				6E427D452025144900B63D9B /* MovieCell.swift */,
			);
			path = Views;
			sourceTree = "<group>";
		};
		6EE77C4E2022DC9200CAE650 = {
			isa = PBXGroup;
			children = (
				6EE77C592022DC9200CAE650 /* flix_demo */,
				6EE77C6E2022DC9300CAE650 /* flix_demoTests */,
				6EE77C792022DC9300CAE650 /* flix_demoUITests */,
				6EE77C582022DC9200CAE650 /* Products */,
				77D27CE6712A85D426417CC1 /* Pods */,
				3D8D1C1170581688CE3CF946 /* Frameworks */,
			);
			sourceTree = "<group>";
		};
		6EE77C582022DC9200CAE650 /* Products */ = {
			isa = PBXGroup;
			children = (
				6EE77C572022DC9200CAE650 /* flix_demo.app */,
				6EE77C6B2022DC9300CAE650 /* flix_demoTests.xctest */,
				6EE77C762022DC9300CAE650 /* flix_demoUITests.xctest */,
			);
			name = Products;
			sourceTree = "<group>";
		};
		6EE77C592022DC9200CAE650 /* flix_demo */ = {
			isa = PBXGroup;
			children = (
				6E8E25B8202E0F5700D78EAA /* Views */,
				6E8E25B7202E0F3700D78EAA /* ViewControllers */,
				6EE77C5A2022DC9300CAE650 /* AppDelegate.swift */,
				6EE77C5E2022DC9300CAE650 /* Main.storyboard */,
				6EE77C612022DC9300CAE650 /* Assets.xcassets */,
				6EE77C632022DC9300CAE650 /* LaunchScreen.storyboard */,
				6EE77C662022DC9300CAE650 /* Info.plist */,
			);
			path = flix_demo;
			sourceTree = "<group>";
		};
		6EE77C6E2022DC9300CAE650 /* flix_demoTests */ = {
			isa = PBXGroup;
			children = (
				6EE77C6F2022DC9300CAE650 /* flix_demoTests.swift */,
				6EE77C712022DC9300CAE650 /* Info.plist */,
			);
			path = flix_demoTests;
			sourceTree = "<group>";
		};
		6EE77C792022DC9300CAE650 /* flix_demoUITests */ = {
			isa = PBXGroup;
			children = (
				6EE77C7A2022DC9300CAE650 /* flix_demoUITests.swift */,
				6EE77C7C2022DC9300CAE650 /* Info.plist */,
			);
			path = flix_demoUITests;
			sourceTree = "<group>";
		};
		77D27CE6712A85D426417CC1 /* Pods */ = {
			isa = PBXGroup;
			children = (
				85B94F6D4D9BC6A715C6D630 /* Pods-flix_demo.debug.xcconfig */,
				61DCF8F2233A55DB9AB960AB /* Pods-flix_demo.release.xcconfig */,
				A8381E81F1F47E1B27D9E70F /* Pods-flix_demoTests.debug.xcconfig */,
				157C3A94F57A84A880089DBA /* Pods-flix_demoTests.release.xcconfig */,
				DFC6D8C5142D50E4FF3618F2 /* Pods-flix_demoUITests.debug.xcconfig */,
				49EDE22875BB952C5B84293E /* Pods-flix_demoUITests.release.xcconfig */,
			);
			name = Pods;
			sourceTree = "<group>";
		};
/* End PBXGroup section */

/* Begin PBXNativeTarget section */
		6EE77C562022DC9200CAE650 /* flix_demo */ = {
			isa = PBXNativeTarget;
			buildConfigurationList = 6EE77C7F2022DC9300CAE650 /* Build configuration list for PBXNativeTarget "flix_demo" */;
			buildPhases = (
				F979D5127A8CD3773F75B232 /* [CP] Check Pods Manifest.lock */,
				6EE77C532022DC9200CAE650 /* Sources */,
				6EE77C542022DC9200CAE650 /* Frameworks */,
				6EE77C552022DC9200CAE650 /* Resources */,
				7E992BA41EFB8BDDFDB37C69 /* [CP] Embed Pods Frameworks */,
				C86556D1B0EAAAD84FC73E17 /* [CP] Copy Pods Resources */,
			);
			buildRules = (
			);
			dependencies = (
			);
			name = flix_demo;
			productName = flix_demo;
			productReference = 6EE77C572022DC9200CAE650 /* flix_demo.app */;
			productType = "com.apple.product-type.application";
		};
		6EE77C6A2022DC9300CAE650 /* flix_demoTests */ = {
			isa = PBXNativeTarget;
			buildConfigurationList = 6EE77C822022DC9300CAE650 /* Build configuration list for PBXNativeTarget "flix_demoTests" */;
			buildPhases = (
				5285A1F5FC27E829A8E627DB /* [CP] Check Pods Manifest.lock */,
				6EE77C672022DC9300CAE650 /* Sources */,
				6EE77C682022DC9300CAE650 /* Frameworks */,
				6EE77C692022DC9300CAE650 /* Resources */,
				49B37F2A87E321C5413B6FBF /* [CP] Embed Pods Frameworks */,
				E3F64DAE3AF580CE775A0A26 /* [CP] Copy Pods Resources */,
			);
			buildRules = (
			);
			dependencies = (
				6EE77C6D2022DC9300CAE650 /* PBXTargetDependency */,
			);
			name = flix_demoTests;
			productName = flix_demoTests;
			productReference = 6EE77C6B2022DC9300CAE650 /* flix_demoTests.xctest */;
			productType = "com.apple.product-type.bundle.unit-test";
		};
		6EE77C752022DC9300CAE650 /* flix_demoUITests */ = {
			isa = PBXNativeTarget;
			buildConfigurationList = 6EE77C852022DC9300CAE650 /* Build configuration list for PBXNativeTarget "flix_demoUITests" */;
			buildPhases = (
				C061573E1899D5433F584A20 /* [CP] Check Pods Manifest.lock */,
				6EE77C722022DC9300CAE650 /* Sources */,
				6EE77C732022DC9300CAE650 /* Frameworks */,
				6EE77C742022DC9300CAE650 /* Resources */,
				74449782D327458B366AAC57 /* [CP] Embed Pods Frameworks */,
				4121AB64595208C41FA1D6A7 /* [CP] Copy Pods Resources */,
			);
			buildRules = (
			);
			dependencies = (
				6EE77C782022DC9300CAE650 /* PBXTargetDependency */,
			);
			name = flix_demoUITests;
			productName = flix_demoUITests;
			productReference = 6EE77C762022DC9300CAE650 /* flix_demoUITests.xctest */;
			productType = "com.apple.product-type.bundle.ui-testing";
		};
/* End PBXNativeTarget section */

/* Begin PBXProject section */
		6EE77C4F2022DC9200CAE650 /* Project object */ = {
			isa = PBXProject;
			attributes = {
				LastSwiftUpdateCheck = 0920;
				LastUpgradeCheck = 0920;
				ORGANIZATIONNAME = Elizabeth;
				TargetAttributes = {
					6EE77C562022DC9200CAE650 = {
						CreatedOnToolsVersion = 9.2;
						ProvisioningStyle = Automatic;
					};
					6EE77C6A2022DC9300CAE650 = {
						CreatedOnToolsVersion = 9.2;
						ProvisioningStyle = Automatic;
						TestTargetID = 6EE77C562022DC9200CAE650;
					};
					6EE77C752022DC9300CAE650 = {
						CreatedOnToolsVersion = 9.2;
						ProvisioningStyle = Automatic;
						TestTargetID = 6EE77C562022DC9200CAE650;
					};
				};
			};
			buildConfigurationList = 6EE77C522022DC9200CAE650 /* Build configuration list for PBXProject "flix_demo" */;
			compatibilityVersion = "Xcode 8.0";
			developmentRegion = en;
			hasScannedForEncodings = 0;
			knownRegions = (
				en,
				Base,
			);
			mainGroup = 6EE77C4E2022DC9200CAE650;
			productRefGroup = 6EE77C582022DC9200CAE650 /* Products */;
			projectDirPath = "";
			projectRoot = "";
			targets = (
				6EE77C562022DC9200CAE650 /* flix_demo */,
				6EE77C6A2022DC9300CAE650 /* flix_demoTests */,
				6EE77C752022DC9300CAE650 /* flix_demoUITests */,
			);
		};
/* End PBXProject section */

/* Begin PBXResourcesBuildPhase section */
		6EE77C552022DC9200CAE650 /* Resources */ = {
			isa = PBXResourcesBuildPhase;
			buildActionMask = 2147483647;
			files = (
				6EE77C652022DC9300CAE650 /* LaunchScreen.storyboard in Resources */,
				6EE77C622022DC9300CAE650 /* Assets.xcassets in Resources */,
				6EE77C602022DC9300CAE650 /* Main.storyboard in Resources */,
			);
			runOnlyForDeploymentPostprocessing = 0;
		};
		6EE77C692022DC9300CAE650 /* Resources */ = {
			isa = PBXResourcesBuildPhase;
			buildActionMask = 2147483647;
			files = (
			);
			runOnlyForDeploymentPostprocessing = 0;
		};
		6EE77C742022DC9300CAE650 /* Resources */ = {
			isa = PBXResourcesBuildPhase;
			buildActionMask = 2147483647;
			files = (
			);
			runOnlyForDeploymentPostprocessing = 0;
		};
/* End PBXResourcesBuildPhase section */

/* Begin PBXShellScriptBuildPhase section */
		4121AB64595208C41FA1D6A7 /* [CP] Copy Pods Resources */ = {
			isa = PBXShellScriptBuildPhase;
			buildActionMask = 2147483647;
			files = (
			);
			inputPaths = (
			);
			name = "[CP] Copy Pods Resources";
			outputPaths = (
			);
			runOnlyForDeploymentPostprocessing = 0;
			shellPath = /bin/sh;
			shellScript = "\"${SRCROOT}/Pods/Target Support Files/Pods-flix_demoUITests/Pods-flix_demoUITests-resources.sh\"\n";
			showEnvVarsInLog = 0;
		};
		49B37F2A87E321C5413B6FBF /* [CP] Embed Pods Frameworks */ = {
			isa = PBXShellScriptBuildPhase;
			buildActionMask = 2147483647;
			files = (
			);
			inputPaths = (
			);
			name = "[CP] Embed Pods Frameworks";
			outputPaths = (
			);
			runOnlyForDeploymentPostprocessing = 0;
			shellPath = /bin/sh;
			shellScript = "\"${SRCROOT}/Pods/Target Support Files/Pods-flix_demoTests/Pods-flix_demoTests-frameworks.sh\"\n";
			showEnvVarsInLog = 0;
		};
		5285A1F5FC27E829A8E627DB /* [CP] Check Pods Manifest.lock */ = {
			isa = PBXShellScriptBuildPhase;
			buildActionMask = 2147483647;
			files = (
			);
			inputPaths = (
				"${PODS_PODFILE_DIR_PATH}/Podfile.lock",
				"${PODS_ROOT}/Manifest.lock",
			);
			name = "[CP] Check Pods Manifest.lock";
			outputPaths = (
				"$(DERIVED_FILE_DIR)/Pods-flix_demoTests-checkManifestLockResult.txt",
			);
			runOnlyForDeploymentPostprocessing = 0;
			shellPath = /bin/sh;
			shellScript = "diff \"${PODS_PODFILE_DIR_PATH}/Podfile.lock\" \"${PODS_ROOT}/Manifest.lock\" > /dev/null\nif [ $? != 0 ] ; then\n    # print error to STDERR\n    echo \"error: The sandbox is not in sync with the Podfile.lock. Run 'pod install' or update your CocoaPods installation.\" >&2\n    exit 1\nfi\n# This output is used by Xcode 'outputs' to avoid re-running this script phase.\necho \"SUCCESS\" > \"${SCRIPT_OUTPUT_FILE_0}\"\n";
			showEnvVarsInLog = 0;
		};
		74449782D327458B366AAC57 /* [CP] Embed Pods Frameworks */ = {
			isa = PBXShellScriptBuildPhase;
			buildActionMask = 2147483647;
			files = (
			);
			inputPaths = (
			);
			name = "[CP] Embed Pods Frameworks";
			outputPaths = (
			);
			runOnlyForDeploymentPostprocessing = 0;
			shellPath = /bin/sh;
			shellScript = "\"${SRCROOT}/Pods/Target Support Files/Pods-flix_demoUITests/Pods-flix_demoUITests-frameworks.sh\"\n";
			showEnvVarsInLog = 0;
		};
		7E992BA41EFB8BDDFDB37C69 /* [CP] Embed Pods Frameworks */ = {
			isa = PBXShellScriptBuildPhase;
			buildActionMask = 2147483647;
			files = (
			);
			inputPaths = (
				"${SRCROOT}/Pods/Target Support Files/Pods-flix_demo/Pods-flix_demo-frameworks.sh",
				"${BUILT_PRODUCTS_DIR}/Alamofire/Alamofire.framework",
				"${BUILT_PRODUCTS_DIR}/AlamofireImage/AlamofireImage.framework",
			);
			name = "[CP] Embed Pods Frameworks";
			outputPaths = (
				"${TARGET_BUILD_DIR}/${FRAMEWORKS_FOLDER_PATH}/Alamofire.framework",
				"${TARGET_BUILD_DIR}/${FRAMEWORKS_FOLDER_PATH}/AlamofireImage.framework",
			);
			runOnlyForDeploymentPostprocessing = 0;
			shellPath = /bin/sh;
			shellScript = "\"${SRCROOT}/Pods/Target Support Files/Pods-flix_demo/Pods-flix_demo-frameworks.sh\"\n";
			showEnvVarsInLog = 0;
		};
		C061573E1899D5433F584A20 /* [CP] Check Pods Manifest.lock */ = {
			isa = PBXShellScriptBuildPhase;
			buildActionMask = 2147483647;
			files = (
			);
			inputPaths = (
				"${PODS_PODFILE_DIR_PATH}/Podfile.lock",
				"${PODS_ROOT}/Manifest.lock",
			);
			name = "[CP] Check Pods Manifest.lock";
			outputPaths = (
				"$(DERIVED_FILE_DIR)/Pods-flix_demoUITests-checkManifestLockResult.txt",
			);
			runOnlyForDeploymentPostprocessing = 0;
			shellPath = /bin/sh;
			shellScript = "diff \"${PODS_PODFILE_DIR_PATH}/Podfile.lock\" \"${PODS_ROOT}/Manifest.lock\" > /dev/null\nif [ $? != 0 ] ; then\n    # print error to STDERR\n    echo \"error: The sandbox is not in sync with the Podfile.lock. Run 'pod install' or update your CocoaPods installation.\" >&2\n    exit 1\nfi\n# This output is used by Xcode 'outputs' to avoid re-running this script phase.\necho \"SUCCESS\" > \"${SCRIPT_OUTPUT_FILE_0}\"\n";
			showEnvVarsInLog = 0;
		};
		C86556D1B0EAAAD84FC73E17 /* [CP] Copy Pods Resources */ = {
			isa = PBXShellScriptBuildPhase;
			buildActionMask = 2147483647;
			files = (
			);
			inputPaths = (
			);
			name = "[CP] Copy Pods Resources";
			outputPaths = (
			);
			runOnlyForDeploymentPostprocessing = 0;
			shellPath = /bin/sh;
			shellScript = "\"${SRCROOT}/Pods/Target Support Files/Pods-flix_demo/Pods-flix_demo-resources.sh\"\n";
			showEnvVarsInLog = 0;
		};
		E3F64DAE3AF580CE775A0A26 /* [CP] Copy Pods Resources */ = {
			isa = PBXShellScriptBuildPhase;
			buildActionMask = 2147483647;
			files = (
			);
			inputPaths = (
			);
			name = "[CP] Copy Pods Resources";
			outputPaths = (
			);
			runOnlyForDeploymentPostprocessing = 0;
			shellPath = /bin/sh;
			shellScript = "\"${SRCROOT}/Pods/Target Support Files/Pods-flix_demoTests/Pods-flix_demoTests-resources.sh\"\n";
			showEnvVarsInLog = 0;
		};
		F979D5127A8CD3773F75B232 /* [CP] Check Pods Manifest.lock */ = {
			isa = PBXShellScriptBuildPhase;
			buildActionMask = 2147483647;
			files = (
			);
			inputPaths = (
				"${PODS_PODFILE_DIR_PATH}/Podfile.lock",
				"${PODS_ROOT}/Manifest.lock",
			);
			name = "[CP] Check Pods Manifest.lock";
			outputPaths = (
				"$(DERIVED_FILE_DIR)/Pods-flix_demo-checkManifestLockResult.txt",
			);
			runOnlyForDeploymentPostprocessing = 0;
			shellPath = /bin/sh;
			shellScript = "diff \"${PODS_PODFILE_DIR_PATH}/Podfile.lock\" \"${PODS_ROOT}/Manifest.lock\" > /dev/null\nif [ $? != 0 ] ; then\n    # print error to STDERR\n    echo \"error: The sandbox is not in sync with the Podfile.lock. Run 'pod install' or update your CocoaPods installation.\" >&2\n    exit 1\nfi\n# This output is used by Xcode 'outputs' to avoid re-running this script phase.\necho \"SUCCESS\" > \"${SCRIPT_OUTPUT_FILE_0}\"\n";
			showEnvVarsInLog = 0;
		};
/* End PBXShellScriptBuildPhase section */

/* Begin PBXSourcesBuildPhase section */
		6EE77C532022DC9200CAE650 /* Sources */ = {
			isa = PBXSourcesBuildPhase;
			buildActionMask = 2147483647;
			files = (
				6EEFE3242022EC4E006A62F5 /* NowPlayingViewController.swift in Sources */,
				6EE77C5B2022DC9300CAE650 /* AppDelegate.swift in Sources */,
				6E427D462025144900B63D9B /* MovieCell.swift in Sources */,
				6E8E25BA202E0FB900D78EAA /* DetailViewController.swift in Sources */,
			);
			runOnlyForDeploymentPostprocessing = 0;
		};
		6EE77C672022DC9300CAE650 /* Sources */ = {
			isa = PBXSourcesBuildPhase;
			buildActionMask = 2147483647;
			files = (
				6EE77C702022DC9300CAE650 /* flix_demoTests.swift in Sources */,
			);
			runOnlyForDeploymentPostprocessing = 0;
		};
		6EE77C722022DC9300CAE650 /* Sources */ = {
			isa = PBXSourcesBuildPhase;
			buildActionMask = 2147483647;
			files = (
				6EE77C7B2022DC9300CAE650 /* flix_demoUITests.swift in Sources */,
			);
			runOnlyForDeploymentPostprocessing = 0;
		};
/* End PBXSourcesBuildPhase section */

/* Begin PBXTargetDependency section */
		6EE77C6D2022DC9300CAE650 /* PBXTargetDependency */ = {
			isa = PBXTargetDependency;
			target = 6EE77C562022DC9200CAE650 /* flix_demo */;
			targetProxy = 6EE77C6C2022DC9300CAE650 /* PBXContainerItemProxy */;
		};
		6EE77C782022DC9300CAE650 /* PBXTargetDependency */ = {
			isa = PBXTargetDependency;
			target = 6EE77C562022DC9200CAE650 /* flix_demo */;
			targetProxy = 6EE77C772022DC9300CAE650 /* PBXContainerItemProxy */;
		};
/* End PBXTargetDependency section */

/* Begin PBXVariantGroup section */
		6EE77C5E2022DC9300CAE650 /* Main.storyboard */ = {
			isa = PBXVariantGroup;
			children = (
				6EE77C5F2022DC9300CAE650 /* Base */,
			);
			name = Main.storyboard;
			sourceTree = "<group>";
		};
		6EE77C632022DC9300CAE650 /* LaunchScreen.storyboard */ = {
			isa = PBXVariantGroup;
			children = (
				6EE77C642022DC9300CAE650 /* Base */,
			);
			name = LaunchScreen.storyboard;
			sourceTree = "<group>";
		};
/* End PBXVariantGroup section */

/* Begin XCBuildConfiguration section */
		6EE77C7D2022DC9300CAE650 /* Debug */ = {
			isa = XCBuildConfiguration;
			buildSettings = {
				ALWAYS_SEARCH_USER_PATHS = NO;
				CLANG_ANALYZER_NONNULL = YES;
				CLANG_ANALYZER_NUMBER_OBJECT_CONVERSION = YES_AGGRESSIVE;
				CLANG_CXX_LANGUAGE_STANDARD = "gnu++14";
				CLANG_CXX_LIBRARY = "libc++";
				CLANG_ENABLE_MODULES = YES;
				CLANG_ENABLE_OBJC_ARC = YES;
				CLANG_WARN_BLOCK_CAPTURE_AUTORELEASING = YES;
				CLANG_WARN_BOOL_CONVERSION = YES;
				CLANG_WARN_COMMA = YES;
				CLANG_WARN_CONSTANT_CONVERSION = YES;
				CLANG_WARN_DIRECT_OBJC_ISA_USAGE = YES_ERROR;
				CLANG_WARN_DOCUMENTATION_COMMENTS = YES;
				CLANG_WARN_EMPTY_BODY = YES;
				CLANG_WARN_ENUM_CONVERSION = YES;
				CLANG_WARN_INFINITE_RECURSION = YES;
				CLANG_WARN_INT_CONVERSION = YES;
				CLANG_WARN_NON_LITERAL_NULL_CONVERSION = YES;
				CLANG_WARN_OBJC_LITERAL_CONVERSION = YES;
				CLANG_WARN_OBJC_ROOT_CLASS = YES_ERROR;
				CLANG_WARN_RANGE_LOOP_ANALYSIS = YES;
				CLANG_WARN_STRICT_PROTOTYPES = YES;
				CLANG_WARN_SUSPICIOUS_MOVE = YES;
				CLANG_WARN_UNGUARDED_AVAILABILITY = YES_AGGRESSIVE;
				CLANG_WARN_UNREACHABLE_CODE = YES;
				CLANG_WARN__DUPLICATE_METHOD_MATCH = YES;
				CODE_SIGN_IDENTITY = "iPhone Developer";
				COPY_PHASE_STRIP = NO;
				DEBUG_INFORMATION_FORMAT = dwarf;
				ENABLE_STRICT_OBJC_MSGSEND = YES;
				ENABLE_TESTABILITY = YES;
				GCC_C_LANGUAGE_STANDARD = gnu11;
				GCC_DYNAMIC_NO_PIC = NO;
				GCC_NO_COMMON_BLOCKS = YES;
				GCC_OPTIMIZATION_LEVEL = 0;
				GCC_PREPROCESSOR_DEFINITIONS = (
					"DEBUG=1",
					"$(inherited)",
				);
				GCC_WARN_64_TO_32_BIT_CONVERSION = YES;
				GCC_WARN_ABOUT_RETURN_TYPE = YES_ERROR;
				GCC_WARN_UNDECLARED_SELECTOR = YES;
				GCC_WARN_UNINITIALIZED_AUTOS = YES_AGGRESSIVE;
				GCC_WARN_UNUSED_FUNCTION = YES;
				GCC_WARN_UNUSED_VARIABLE = YES;
				IPHONEOS_DEPLOYMENT_TARGET = 11.2;
				MTL_ENABLE_DEBUG_INFO = YES;
				ONLY_ACTIVE_ARCH = YES;
				SDKROOT = iphoneos;
				SWIFT_ACTIVE_COMPILATION_CONDITIONS = DEBUG;
				SWIFT_OPTIMIZATION_LEVEL = "-Onone";
			};
			name = Debug;
		};
		6EE77C7E2022DC9300CAE650 /* Release */ = {
			isa = XCBuildConfiguration;
			buildSettings = {
				ALWAYS_SEARCH_USER_PATHS = NO;
				CLANG_ANALYZER_NONNULL = YES;
				CLANG_ANALYZER_NUMBER_OBJECT_CONVERSION = YES_AGGRESSIVE;
				CLANG_CXX_LANGUAGE_STANDARD = "gnu++14";
				CLANG_CXX_LIBRARY = "libc++";
				CLANG_ENABLE_MODULES = YES;
				CLANG_ENABLE_OBJC_ARC = YES;
				CLANG_WARN_BLOCK_CAPTURE_AUTORELEASING = YES;
				CLANG_WARN_BOOL_CONVERSION = YES;
				CLANG_WARN_COMMA = YES;
				CLANG_WARN_CONSTANT_CONVERSION = YES;
				CLANG_WARN_DIRECT_OBJC_ISA_USAGE = YES_ERROR;
				CLANG_WARN_DOCUMENTATION_COMMENTS = YES;
				CLANG_WARN_EMPTY_BODY = YES;
				CLANG_WARN_ENUM_CONVERSION = YES;
				CLANG_WARN_INFINITE_RECURSION = YES;
				CLANG_WARN_INT_CONVERSION = YES;
				CLANG_WARN_NON_LITERAL_NULL_CONVERSION = YES;
				CLANG_WARN_OBJC_LITERAL_CONVERSION = YES;
				CLANG_WARN_OBJC_ROOT_CLASS = YES_ERROR;
				CLANG_WARN_RANGE_LOOP_ANALYSIS = YES;
				CLANG_WARN_STRICT_PROTOTYPES = YES;
				CLANG_WARN_SUSPICIOUS_MOVE = YES;
				CLANG_WARN_UNGUARDED_AVAILABILITY = YES_AGGRESSIVE;
				CLANG_WARN_UNREACHABLE_CODE = YES;
				CLANG_WARN__DUPLICATE_METHOD_MATCH = YES;
				CODE_SIGN_IDENTITY = "iPhone Developer";
				COPY_PHASE_STRIP = NO;
				DEBUG_INFORMATION_FORMAT = "dwarf-with-dsym";
				ENABLE_NS_ASSERTIONS = NO;
				ENABLE_STRICT_OBJC_MSGSEND = YES;
				GCC_C_LANGUAGE_STANDARD = gnu11;
				GCC_NO_COMMON_BLOCKS = YES;
				GCC_WARN_64_TO_32_BIT_CONVERSION = YES;
				GCC_WARN_ABOUT_RETURN_TYPE = YES_ERROR;
				GCC_WARN_UNDECLARED_SELECTOR = YES;
				GCC_WARN_UNINITIALIZED_AUTOS = YES_AGGRESSIVE;
				GCC_WARN_UNUSED_FUNCTION = YES;
				GCC_WARN_UNUSED_VARIABLE = YES;
				IPHONEOS_DEPLOYMENT_TARGET = 11.2;
				MTL_ENABLE_DEBUG_INFO = NO;
				SDKROOT = iphoneos;
				SWIFT_OPTIMIZATION_LEVEL = "-Owholemodule";
				VALIDATE_PRODUCT = YES;
			};
			name = Release;
		};
		6EE77C802022DC9300CAE650 /* Debug */ = {
			isa = XCBuildConfiguration;
			baseConfigurationReference = 85B94F6D4D9BC6A715C6D630 /* Pods-flix_demo.debug.xcconfig */;
			buildSettings = {
				ASSETCATALOG_COMPILER_APPICON_NAME = AppIcon;
				CODE_SIGN_STYLE = Automatic;
				INFOPLIST_FILE = flix_demo/Info.plist;
				LD_RUNPATH_SEARCH_PATHS = "$(inherited) @executable_path/Frameworks";
				PRODUCT_BUNDLE_IDENTIFIER = "com.elizabeth.flix-demo";
				PRODUCT_NAME = "$(TARGET_NAME)";
				SWIFT_VERSION = 4.0;
				TARGETED_DEVICE_FAMILY = 1;
			};
			name = Debug;
		};
		6EE77C812022DC9300CAE650 /* Release */ = {
			isa = XCBuildConfiguration;
			baseConfigurationReference = 61DCF8F2233A55DB9AB960AB /* Pods-flix_demo.release.xcconfig */;
			buildSettings = {
				ASSETCATALOG_COMPILER_APPICON_NAME = AppIcon;
				CODE_SIGN_STYLE = Automatic;
				INFOPLIST_FILE = flix_demo/Info.plist;
				LD_RUNPATH_SEARCH_PATHS = "$(inherited) @executable_path/Frameworks";
				PRODUCT_BUNDLE_IDENTIFIER = "com.elizabeth.flix-demo";
				PRODUCT_NAME = "$(TARGET_NAME)";
				SWIFT_VERSION = 4.0;
				TARGETED_DEVICE_FAMILY = 1;
			};
			name = Release;
		};
		6EE77C832022DC9300CAE650 /* Debug */ = {
			isa = XCBuildConfiguration;
			baseConfigurationReference = A8381E81F1F47E1B27D9E70F /* Pods-flix_demoTests.debug.xcconfig */;
			buildSettings = {
				ALWAYS_EMBED_SWIFT_STANDARD_LIBRARIES = YES;
				BUNDLE_LOADER = "$(TEST_HOST)";
				CODE_SIGN_STYLE = Automatic;
				INFOPLIST_FILE = flix_demoTests/Info.plist;
				LD_RUNPATH_SEARCH_PATHS = "$(inherited) @executable_path/Frameworks @loader_path/Frameworks";
				PRODUCT_BUNDLE_IDENTIFIER = "com.elizabeth.flix-demoTests";
				PRODUCT_NAME = "$(TARGET_NAME)";
				SWIFT_VERSION = 4.0;
				TARGETED_DEVICE_FAMILY = "1,2";
				TEST_HOST = "$(BUILT_PRODUCTS_DIR)/flix_demo.app/flix_demo";
			};
			name = Debug;
		};
		6EE77C842022DC9300CAE650 /* Release */ = {
			isa = XCBuildConfiguration;
			baseConfigurationReference = 157C3A94F57A84A880089DBA /* Pods-flix_demoTests.release.xcconfig */;
			buildSettings = {
				ALWAYS_EMBED_SWIFT_STANDARD_LIBRARIES = YES;
				BUNDLE_LOADER = "$(TEST_HOST)";
				CODE_SIGN_STYLE = Automatic;
				INFOPLIST_FILE = flix_demoTests/Info.plist;
				LD_RUNPATH_SEARCH_PATHS = "$(inherited) @executable_path/Frameworks @loader_path/Frameworks";
				PRODUCT_BUNDLE_IDENTIFIER = "com.elizabeth.flix-demoTests";
				PRODUCT_NAME = "$(TARGET_NAME)";
				SWIFT_VERSION = 4.0;
				TARGETED_DEVICE_FAMILY = "1,2";
				TEST_HOST = "$(BUILT_PRODUCTS_DIR)/flix_demo.app/flix_demo";
			};
			name = Release;
		};
		6EE77C862022DC9300CAE650 /* Debug */ = {
			isa = XCBuildConfiguration;
			baseConfigurationReference = DFC6D8C5142D50E4FF3618F2 /* Pods-flix_demoUITests.debug.xcconfig */;
			buildSettings = {
				ALWAYS_EMBED_SWIFT_STANDARD_LIBRARIES = YES;
				CODE_SIGN_STYLE = Automatic;
				INFOPLIST_FILE = flix_demoUITests/Info.plist;
				LD_RUNPATH_SEARCH_PATHS = "$(inherited) @executable_path/Frameworks @loader_path/Frameworks";
				PRODUCT_BUNDLE_IDENTIFIER = "com.elizabeth.flix-demoUITests";
				PRODUCT_NAME = "$(TARGET_NAME)";
				SWIFT_VERSION = 4.0;
				TARGETED_DEVICE_FAMILY = "1,2";
				TEST_TARGET_NAME = flix_demo;
			};
			name = Debug;
		};
		6EE77C872022DC9300CAE650 /* Release */ = {
			isa = XCBuildConfiguration;
			baseConfigurationReference = 49EDE22875BB952C5B84293E /* Pods-flix_demoUITests.release.xcconfig */;
			buildSettings = {
				ALWAYS_EMBED_SWIFT_STANDARD_LIBRARIES = YES;
				CODE_SIGN_STYLE = Automatic;
				INFOPLIST_FILE = flix_demoUITests/Info.plist;
				LD_RUNPATH_SEARCH_PATHS = "$(inherited) @executable_path/Frameworks @loader_path/Frameworks";
				PRODUCT_BUNDLE_IDENTIFIER = "com.elizabeth.flix-demoUITests";
				PRODUCT_NAME = "$(TARGET_NAME)";
				SWIFT_VERSION = 4.0;
				TARGETED_DEVICE_FAMILY = "1,2";
				TEST_TARGET_NAME = flix_demo;
			};
			name = Release;
		};
/* End XCBuildConfiguration section */

/* Begin XCConfigurationList section */
		6EE77C522022DC9200CAE650 /* Build configuration list for PBXProject "flix_demo" */ = {
			isa = XCConfigurationList;
			buildConfigurations = (
				6EE77C7D2022DC9300CAE650 /* Debug */,
				6EE77C7E2022DC9300CAE650 /* Release */,
			);
			defaultConfigurationIsVisible = 0;
			defaultConfigurationName = Release;
		};
		6EE77C7F2022DC9300CAE650 /* Build configuration list for PBXNativeTarget "flix_demo" */ = {
			isa = XCConfigurationList;
			buildConfigurations = (
				6EE77C802022DC9300CAE650 /* Debug */,
				6EE77C812022DC9300CAE650 /* Release */,
			);
			defaultConfigurationIsVisible = 0;
			defaultConfigurationName = Release;
		};
		6EE77C822022DC9300CAE650 /* Build configuration list for PBXNativeTarget "flix_demoTests" */ = {
			isa = XCConfigurationList;
			buildConfigurations = (
				6EE77C832022DC9300CAE650 /* Debug */,
				6EE77C842022DC9300CAE650 /* Release */,
			);
			defaultConfigurationIsVisible = 0;
			defaultConfigurationName = Release;
		};
		6EE77C852022DC9300CAE650 /* Build configuration list for PBXNativeTarget "flix_demoUITests" */ = {
			isa = XCConfigurationList;
			buildConfigurations = (
				6EE77C862022DC9300CAE650 /* Debug */,
				6EE77C872022DC9300CAE650 /* Release */,
			);
			defaultConfigurationIsVisible = 0;
			defaultConfigurationName = Release;
		};
/* End XCConfigurationList section */
	};
	rootObject = 6EE77C4F2022DC9200CAE650 /* Project object */;
}
